
Microsoft Visual Studio Solution File, Format Version 12.00
# Visual Studio Version 17
VisualStudioVersion = 17.13.35825.156 d17.13
MinimumVisualStudioVersion = 10.0.40219.1
Project("{FAE04EC0-301F-11D3-BF4B-00C04F79EFBC}") = "з1", "з1\з1.csproj", "{5F33CA8F-79BA-4010-8956-11EA58D1AED2}"
EndProject
Project("{FAE04EC0-301F-11D3-BF4B-00C04F79EFBC}") = "з2", "з2\з2.csproj", "{956CACC7-9A9B-4A77-8A65-CE90CBB1BDBA}"
EndProject
Project("{FAE04EC0-301F-11D3-BF4B-00C04F79EFBC}") = "з3", "з3\з3.csproj", "{FE019FB4-CD92-4A5D-A1A1-2E97243789DB}"
EndProject
Global
	GlobalSection(SolutionConfigurationPlatforms) = preSolution
		Debug|Any CPU = Debug|Any CPU
		Release|Any CPU = Release|Any CPU
	EndGlobalSection
	GlobalSection(ProjectConfigurationPlatforms) = postSolution
		{5F33CA8F-79BA-4010-8956-11EA58D1AED2}.Debug|Any CPU.ActiveCfg = Debug|Any CPU
		{5F33CA8F-79BA-4010-8956-11EA58D1AED2}.Debug|Any CPU.Build.0 = Debug|Any CPU
		{5F33CA8F-79BA-4010-8956-11EA58D1AED2}.Release|Any CPU.ActiveCfg = Release|Any CPU
		{5F33CA8F-79BA-4010-8956-11EA58D1AED2}.Release|Any CPU.Build.0 = Release|Any CPU
		{956CACC7-9A9B-4A77-8A65-CE90CBB1BDBA}.Debug|Any CPU.ActiveCfg = Debug|Any CPU
		{956CACC7-9A9B-4A77-8A65-CE90CBB1BDBA}.Debug|Any CPU.Build.0 = Debug|Any CPU
		{956CACC7-9A9B-4A77-8A65-CE90CBB1BDBA}.Release|Any CPU.ActiveCfg = Release|Any CPU
		{956CACC7-9A9B-4A77-8A65-CE90CBB1BDBA}.Release|Any CPU.Build.0 = Release|Any CPU
		{FE019FB4-CD92-4A5D-A1A1-2E97243789DB}.Debug|Any CPU.ActiveCfg = Debug|Any CPU
		{FE019FB4-CD92-4A5D-A1A1-2E97243789DB}.Debug|Any CPU.Build.0 = Debug|Any CPU
		{FE019FB4-CD92-4A5D-A1A1-2E97243789DB}.Release|Any CPU.ActiveCfg = Release|Any CPU
		{FE019FB4-CD92-4A5D-A1A1-2E97243789DB}.Release|Any CPU.Build.0 = Release|Any CPU
	EndGlobalSection
	GlobalSection(SolutionProperties) = preSolution
		HideSolutionNode = FALSE
	EndGlobalSection
	GlobalSection(ExtensibilityGlobals) = postSolution
		SolutionGuid = {C17D0448-C7F8-45ED-8B75-D8CE6E0E28BB}
	EndGlobalSection
EndGlobal
